// !$*UTF8*$!
{
	archiveVersion = 1;
	classes = {
	};
	objectVersion = 54;
	objects = {

/* Begin PBXBuildFile section */
		0DED19C6636C4374E96F802C /* HistogramView.swift in Sources */ = {isa = PBXBuildFile; fileRef = B2683749C0F2B147D8397731 /* HistogramView.swift */; };
		18A9BBBDB5AB6353E5CE467C /* AppDelegate.swift in Sources */ = {isa = PBXBuildFile; fileRef = 9F686D727453F7990552A006 /* AppDelegate.swift */; };
		2510C9CC98D47DF58A12380F /* GridOverlaySettingsView.swift in Sources */ = {isa = PBXBuildFile; fileRef = 21632EBA1F8325E3FCE22675 /* GridOverlaySettingsView.swift */; };
		321AEECC857A2E69BC13DB19 /* ContentView.swift in Sources */ = {isa = PBXBuildFile; fileRef = 1AA7B1EA64AF39B6F66CD11A /* ContentView.swift */; };
		396B95F244941B01F37AB8DF /* main.swift in Sources */ = {isa = PBXBuildFile; fileRef = 56E339B179F4CC13876F792F /* main.swift */; };
		3DB6D1DC07A05A630EE1B926 /* TimecodeView.swift in Sources */ = {isa = PBXBuildFile; fileRef = 89CA612915EF1542050171E9 /* TimecodeView.swift */; };
		3E5A6B50EBC4452010BBCA4A /* NotchService.swift in Sources */ = {isa = PBXBuildFile; fileRef = 5DC3B9C0245B7BE34084C199 /* NotchService.swift */; };
		46E924BFA41EDA07EDCB1FC9 /* NotchPresetView.swift in Sources */ = {isa = PBXBuildFile; fileRef = 1099F2E1DB262B95BB7F11EB /* NotchPresetView.swift */; };
		53B62D4340918286406D928C /* StreamingService.swift in Sources */ = {isa = PBXBuildFile; fileRef = 745D3CE309A7552EE5978B40 /* StreamingService.swift */; };
		6E03F8BB5D0306D0B11C8E55 /* WeatherService.swift in Sources */ = {isa = PBXBuildFile; fileRef = BF5F7819C2369FFF3CC95B0A /* WeatherService.swift */; };
		7236DFF963183327F86A1DE9 /* Assets.xcassets in Resources */ = {isa = PBXBuildFile; fileRef = 61156111A926C7405F6F573C /* Assets.xcassets */; };
		8A20331F0E71809C95A11320 /* StreamingSettingsView.swift in Sources */ = {isa = PBXBuildFile; fileRef = 48AF78B2D556F80024DFF063 /* StreamingSettingsView.swift */; };
		9B927978EDEAD55B781AC034 /* HistogramService.swift in Sources */ = {isa = PBXBuildFile; fileRef = D9CBCFAA9A28D37E8E829911 /* HistogramService.swift */; };
		9BB91F66D9F9E33993C67BD0 /* ManualExposureView.swift in Sources */ = {isa = PBXBuildFile; fileRef = 42EF9C2E07CC74D5F05050D9 /* ManualExposureView.swift */; };
		9BBCDAF4E7ECD090EF7B7093 /* CameraSettingsService.swift in Sources */ = {isa = PBXBuildFile; fileRef = A8CFE6305FE0D776655D84C5 /* CameraSettingsService.swift */; };
		A5C59A33FBA387CE9FBF7628 /* SettingsStore.swift in Sources */ = {isa = PBXBuildFile; fileRef = E0B78DE7A608082B7FC1A827 /* SettingsStore.swift */; };
		A6317D1C68C7D879590FE78D /* MulticameraView.swift in Sources */ = {isa = PBXBuildFile; fileRef = 0DB36A6BFBBDCDDCECD56639 /* MulticameraView.swift */; };
		B8524049ABBC96DCFC69D575 /* TimecodeService.swift in Sources */ = {isa = PBXBuildFile; fileRef = 02852C371A81F3C1A19D9680 /* TimecodeService.swift */; };
		C61C39B3E08D33963CAA2B5A /* NotchSettingsView.swift in Sources */ = {isa = PBXBuildFile; fileRef = 5948A92A12601A897094B60E /* NotchSettingsView.swift */; };
		CEE652A88460525A96DCD928 /* GridOverlayService.swift in Sources */ = {isa = PBXBuildFile; fileRef = 7E16C17CF7A6003CF51077B9 /* GridOverlayService.swift */; };
		E00FC0874ED6BE3FF5FE147D /* ExposureService.swift in Sources */ = {isa = PBXBuildFile; fileRef = 0ACE1A8B269AAB4D918DC0EC /* ExposureService.swift */; };
		EB58D2A2DE45EFAF8D6B3C9E /* NotchRecordingService.swift in Sources */ = {isa = PBXBuildFile; fileRef = 4B71B8B6A1FB457D6C3514CA /* NotchRecordingService.swift */; };
		F58654C56C6F55FFBCFB0DC3 /* MulticameraService.swift in Sources */ = {isa = PBXBuildFile; fileRef = 764EE9EA742C4883DA8C19A3 /* MulticameraService.swift */; };
		F7138872A83141B0C373894E /* Theme.swift in Sources */ = {isa = PBXBuildFile; fileRef = 29FD9C62BDFA6888A2981BF9 /* Theme.swift */; };
/* End PBXBuildFile section */

/* Begin PBXFileReference section */
		00BB85B0A34490FC7BE7D8F4 /* Info.plist */ = {isa = PBXFileReference; lastKnownFileType = text.plist; path = Info.plist; sourceTree = "<group>"; };
		02852C371A81F3C1A19D9680 /* TimecodeService.swift */ = {isa = PBXFileReference; lastKnownFileType = sourcecode.swift; path = TimecodeService.swift; sourceTree = "<group>"; };
		0ACE1A8B269AAB4D918DC0EC /* ExposureService.swift */ = {isa = PBXFileReference; lastKnownFileType = sourcecode.swift; path = ExposureService.swift; sourceTree = "<group>"; };
		0DB36A6BFBBDCDDCECD56639 /* MulticameraView.swift */ = {isa = PBXFileReference; lastKnownFileType = sourcecode.swift; path = MulticameraView.swift; sourceTree = "<group>"; };
		1099F2E1DB262B95BB7F11EB /* NotchPresetView.swift */ = {isa = PBXFileReference; lastKnownFileType = sourcecode.swift; path = NotchPresetView.swift; sourceTree = "<group>"; };
		14F09933B7CC00C29B301DB5 /* Notch.entitlements */ = {isa = PBXFileReference; lastKnownFileType = text.plist.entitlements; path = Notch.entitlements; sourceTree = "<group>"; };
		1AA7B1EA64AF39B6F66CD11A /* ContentView.swift */ = {isa = PBXFileReference; lastKnownFileType = sourcecode.swift; path = ContentView.swift; sourceTree = "<group>"; };
		21632EBA1F8325E3FCE22675 /* GridOverlaySettingsView.swift */ = {isa = PBXFileReference; lastKnownFileType = sourcecode.swift; path = GridOverlaySettingsView.swift; sourceTree = "<group>"; };
		29FD9C62BDFA6888A2981BF9 /* Theme.swift */ = {isa = PBXFileReference; lastKnownFileType = sourcecode.swift; path = Theme.swift; sourceTree = "<group>"; };
		384592DC2AEEC07ADC0CA0B1 /* Notch.entitlements */ = {isa = PBXFileReference; lastKnownFileType = text.plist.entitlements; path = Notch.entitlements; sourceTree = "<group>"; };
		42EF9C2E07CC74D5F05050D9 /* ManualExposureView.swift */ = {isa = PBXFileReference; lastKnownFileType = sourcecode.swift; path = ManualExposureView.swift; sourceTree = "<group>"; };
		48AF78B2D556F80024DFF063 /* StreamingSettingsView.swift */ = {isa = PBXFileReference; lastKnownFileType = sourcecode.swift; path = StreamingSettingsView.swift; sourceTree = "<group>"; };
		4B71B8B6A1FB457D6C3514CA /* NotchRecordingService.swift */ = {isa = PBXFileReference; lastKnownFileType = sourcecode.swift; path = NotchRecordingService.swift; sourceTree = "<group>"; };
		56E339B179F4CC13876F792F /* main.swift */ = {isa = PBXFileReference; lastKnownFileType = sourcecode.swift; path = main.swift; sourceTree = "<group>"; };
		5948A92A12601A897094B60E /* NotchSettingsView.swift */ = {isa = PBXFileReference; lastKnownFileType = sourcecode.swift; path = NotchSettingsView.swift; sourceTree = "<group>"; };
		5DC3B9C0245B7BE34084C199 /* NotchService.swift */ = {isa = PBXFileReference; lastKnownFileType = sourcecode.swift; path = NotchService.swift; sourceTree = "<group>"; };
		61156111A926C7405F6F573C /* Assets.xcassets */ = {isa = PBXFileReference; lastKnownFileType = folder.assetcatalog; path = Assets.xcassets; sourceTree = "<group>"; };
		6F1407BD23453DE2A470B1EF /* Notch.app */ = {isa = PBXFileReference; explicitFileType = wrapper.application; includeInIndex = 0; path = Notch.app; sourceTree = BUILT_PRODUCTS_DIR; };
		745D3CE309A7552EE5978B40 /* StreamingService.swift */ = {isa = PBXFileReference; lastKnownFileType = sourcecode.swift; path = StreamingService.swift; sourceTree = "<group>"; };
		764EE9EA742C4883DA8C19A3 /* MulticameraService.swift */ = {isa = PBXFileReference; lastKnownFileType = sourcecode.swift; path = MulticameraService.swift; sourceTree = "<group>"; };
		7E16C17CF7A6003CF51077B9 /* GridOverlayService.swift */ = {isa = PBXFileReference; lastKnownFileType = sourcecode.swift; path = GridOverlayService.swift; sourceTree = "<group>"; };
		89CA612915EF1542050171E9 /* TimecodeView.swift */ = {isa = PBXFileReference; lastKnownFileType = sourcecode.swift; path = TimecodeView.swift; sourceTree = "<group>"; };
		9F686D727453F7990552A006 /* AppDelegate.swift */ = {isa = PBXFileReference; lastKnownFileType = sourcecode.swift; path = AppDelegate.swift; sourceTree = "<group>"; };
		A8CFE6305FE0D776655D84C5 /* CameraSettingsService.swift */ = {isa = PBXFileReference; lastKnownFileType = sourcecode.swift; path = CameraSettingsService.swift; sourceTree = "<group>"; };
		B2683749C0F2B147D8397731 /* HistogramView.swift */ = {isa = PBXFileReference; lastKnownFileType = sourcecode.swift; path = HistogramView.swift; sourceTree = "<group>"; };
		BF5F7819C2369FFF3CC95B0A /* WeatherService.swift */ = {isa = PBXFileReference; lastKnownFileType = sourcecode.swift; path = WeatherService.swift; sourceTree = "<group>"; };
		D9CBCFAA9A28D37E8E829911 /* HistogramService.swift */ = {isa = PBXFileReference; lastKnownFileType = sourcecode.swift; path = HistogramService.swift; sourceTree = "<group>"; };
		E0B78DE7A608082B7FC1A827 /* SettingsStore.swift */ = {isa = PBXFileReference; lastKnownFileType = sourcecode.swift; path = SettingsStore.swift; sourceTree = "<group>"; };
/* End PBXFileReference section */

/* Begin PBXGroup section */
		1CF480926D168F7EEBDC7F27 /* Products */ = {
			isa = PBXGroup;
			children = (
				6F1407BD23453DE2A470B1EF /* Notch.app */,
			);
			name = Products;
			sourceTree = "<group>";
		};
		5B11E3B4F31FF858883B32A2 /* Resources */ = {
			isa = PBXGroup;
			children = (
				384592DC2AEEC07ADC0CA0B1 /* Notch.entitlements */,
			);
			path = Resources;
			sourceTree = "<group>";
		};
		98FCFA7BF6FB824D787089D3 /* Sources */ = {
			isa = PBXGroup;
			children = (
				9F686D727453F7990552A006 /* AppDelegate.swift */,
				61156111A926C7405F6F573C /* Assets.xcassets */,
				1AA7B1EA64AF39B6F66CD11A /* ContentView.swift */,
				00BB85B0A34490FC7BE7D8F4 /* Info.plist */,
				56E339B179F4CC13876F792F /* main.swift */,
				14F09933B7CC00C29B301DB5 /* Notch.entitlements */,
				5DC3B9C0245B7BE34084C199 /* NotchService.swift */,
				E0B78DE7A608082B7FC1A827 /* SettingsStore.swift */,
				29FD9C62BDFA6888A2981BF9 /* Theme.swift */,
				BF5F7819C2369FFF3CC95B0A /* WeatherService.swift */,
				5B11E3B4F31FF858883B32A2 /* Resources */,
				FEF83E7DED8604515B8A6DA9 /* Services */,
				E101C0073079196A01DAD56B /* Views */,
			);
			path = Sources;
			sourceTree = "<group>";
		};
		BF62F47FEB7CA1A4F36315FA = {
			isa = PBXGroup;
			children = (
				98FCFA7BF6FB824D787089D3 /* Sources */,
				1CF480926D168F7EEBDC7F27 /* Products */,
			);
			sourceTree = "<group>";
		};
		E101C0073079196A01DAD56B /* Views */ = {
			isa = PBXGroup;
			children = (
				21632EBA1F8325E3FCE22675 /* GridOverlaySettingsView.swift */,
				B2683749C0F2B147D8397731 /* HistogramView.swift */,
				42EF9C2E07CC74D5F05050D9 /* ManualExposureView.swift */,
				0DB36A6BFBBDCDDCECD56639 /* MulticameraView.swift */,
				1099F2E1DB262B95BB7F11EB /* NotchPresetView.swift */,
				5948A92A12601A897094B60E /* NotchSettingsView.swift */,
				48AF78B2D556F80024DFF063 /* StreamingSettingsView.swift */,
				89CA612915EF1542050171E9 /* TimecodeView.swift */,
			);
			path = Views;
			sourceTree = "<group>";
		};
		FEF83E7DED8604515B8A6DA9 /* Services */ = {
			isa = PBXGroup;
			children = (
				A8CFE6305FE0D776655D84C5 /* CameraSettingsService.swift */,
				0ACE1A8B269AAB4D918DC0EC /* ExposureService.swift */,
				7E16C17CF7A6003CF51077B9 /* GridOverlayService.swift */,
				D9CBCFAA9A28D37E8E829911 /* HistogramService.swift */,
				764EE9EA742C4883DA8C19A3 /* MulticameraService.swift */,
				4B71B8B6A1FB457D6C3514CA /* NotchRecordingService.swift */,
				745D3CE309A7552EE5978B40 /* StreamingService.swift */,
				02852C371A81F3C1A19D9680 /* TimecodeService.swift */,
			);
			path = Services;
			sourceTree = "<group>";
		};
/* End PBXGroup section */

/* Begin PBXNativeTarget section */
		F5F32408CC8E4D31D52696E5 /* Notch */ = {
			isa = PBXNativeTarget;
			buildConfigurationList = DDFED9D06C0E6E92A2AFE535 /* Build configuration list for PBXNativeTarget "Notch" */;
			buildPhases = (
				992986C2D8BB6365FECB7A27 /* Sources */,
				429B9751365801CDB5177D81 /* Resources */,
			);
			buildRules = (
			);
			dependencies = (
			);
			name = Notch;
			productName = Notch;
			productReference = 6F1407BD23453DE2A470B1EF /* Notch.app */;
			productType = "com.apple.product-type.application";
		};
/* End PBXNativeTarget section */

/* Begin PBXProject section */
		5A60F24B82E3DC3EEF388177 /* Project object */ = {
			isa = PBXProject;
			attributes = {
				BuildIndependentTargetsInParallel = YES;
				LastUpgradeCheck = 1500;
				TargetAttributes = {
					F5F32408CC8E4D31D52696E5 = {
						DevelopmentTeam = "";
						ProvisioningStyle = Manual;
					};
				};
			};
			buildConfigurationList = 7E4F7F67D16017178ABB5F0B /* Build configuration list for PBXProject "Notch" */;
			compatibilityVersion = "Xcode 14.0";
			developmentRegion = en;
			hasScannedForEncodings = 0;
			knownRegions = (
				Base,
				en,
			);
			mainGroup = BF62F47FEB7CA1A4F36315FA;
			projectDirPath = "";
			projectRoot = "";
			targets = (
				F5F32408CC8E4D31D52696E5 /* Notch */,
			);
		};
/* End PBXProject section */

/* Begin PBXResourcesBuildPhase section */
		429B9751365801CDB5177D81 /* Resources */ = {
			isa = PBXResourcesBuildPhase;
			buildActionMask = 2147483647;
			files = (
				7236DFF963183327F86A1DE9 /* Assets.xcassets in Resources */,
			);
			runOnlyForDeploymentPostprocessing = 0;
		};
/* End PBXResourcesBuildPhase section */

/* Begin PBXSourcesBuildPhase section */
		992986C2D8BB6365FECB7A27 /* Sources */ = {
			isa = PBXSourcesBuildPhase;
			buildActionMask = 2147483647;
			files = (
				18A9BBBDB5AB6353E5CE467C /* AppDelegate.swift in Sources */,
				9BBCDAF4E7ECD090EF7B7093 /* CameraSettingsService.swift in Sources */,
				321AEECC857A2E69BC13DB19 /* ContentView.swift in Sources */,
				E00FC0874ED6BE3FF5FE147D /* ExposureService.swift in Sources */,
				CEE652A88460525A96DCD928 /* GridOverlayService.swift in Sources */,
				2510C9CC98D47DF58A12380F /* GridOverlaySettingsView.swift in Sources */,
				9B927978EDEAD55B781AC034 /* HistogramService.swift in Sources */,
				0DED19C6636C4374E96F802C /* HistogramView.swift in Sources */,
				9BB91F66D9F9E33993C67BD0 /* ManualExposureView.swift in Sources */,
				F58654C56C6F55FFBCFB0DC3 /* MulticameraService.swift in Sources */,
				A6317D1C68C7D879590FE78D /* MulticameraView.swift in Sources */,
				46E924BFA41EDA07EDCB1FC9 /* NotchPresetView.swift in Sources */,
				EB58D2A2DE45EFAF8D6B3C9E /* NotchRecordingService.swift in Sources */,
				3E5A6B50EBC4452010BBCA4A /* NotchService.swift in Sources */,
				C61C39B3E08D33963CAA2B5A /* NotchSettingsView.swift in Sources */,
				A5C59A33FBA387CE9FBF7628 /* SettingsStore.swift in Sources */,
				53B62D4340918286406D928C /* StreamingService.swift in Sources */,
				8A20331F0E71809C95A11320 /* StreamingSettingsView.swift in Sources */,
				F7138872A83141B0C373894E /* Theme.swift in Sources */,
				B8524049ABBC96DCFC69D575 /* TimecodeService.swift in Sources */,
				3DB6D1DC07A05A630EE1B926 /* TimecodeView.swift in Sources */,
				6E03F8BB5D0306D0B11C8E55 /* WeatherService.swift in Sources */,
				396B95F244941B01F37AB8DF /* main.swift in Sources */,
			);
			runOnlyForDeploymentPostprocessing = 0;
		};
/* End PBXSourcesBuildPhase section */

/* Begin XCBuildConfiguration section */
		0ACC13FE044B013EF9599CE5 /* Debug */ = {
			isa = XCBuildConfiguration;
			buildSettings = {
				ALWAYS_SEARCH_USER_PATHS = NO;
				CLANG_ANALYZER_NONNULL = YES;
				CLANG_ANALYZER_NUMBER_OBJECT_CONVERSION = YES_AGGRESSIVE;
				CLANG_CXX_LANGUAGE_STANDARD = "gnu++14";
				CLANG_CXX_LIBRARY = "libc++";
				CLANG_ENABLE_MODULES = YES;
				CLANG_ENABLE_OBJC_ARC = YES;
				CLANG_ENABLE_OBJC_WEAK = YES;
				CLANG_WARN_BLOCK_CAPTURE_AUTORELEASING = YES;
				CLANG_WARN_BOOL_CONVERSION = YES;
				CLANG_WARN_COMMA = YES;
				CLANG_WARN_CONSTANT_CONVERSION = YES;
				CLANG_WARN_DEPRECATED_OBJC_IMPLEMENTATIONS = YES;
				CLANG_WARN_DIRECT_OBJC_ISA_USAGE = YES_ERROR;
				CLANG_WARN_DOCUMENTATION_COMMENTS = YES;
				CLANG_WARN_EMPTY_BODY = YES;
				CLANG_WARN_ENUM_CONVERSION = YES;
				CLANG_WARN_INFINITE_RECURSION = YES;
				CLANG_WARN_INT_CONVERSION = YES;
				CLANG_WARN_NON_LITERAL_NULL_CONVERSION = YES;
				CLANG_WARN_OBJC_IMPLICIT_RETAIN_SELF = YES;
				CLANG_WARN_OBJC_LITERAL_CONVERSION = YES;
				CLANG_WARN_OBJC_ROOT_CLASS = YES_ERROR;
				CLANG_WARN_QUOTED_INCLUDE_IN_FRAMEWORK_HEADER = YES;
				CLANG_WARN_RANGE_LOOP_ANALYSIS = YES;
				CLANG_WARN_STRICT_PROTOTYPES = YES;
				CLANG_WARN_SUSPICIOUS_MOVE = YES;
				CLANG_WARN_UNGUARDED_AVAILABILITY = YES_AGGRESSIVE;
				CLANG_WARN_UNREACHABLE_CODE = YES;
				CLANG_WARN__DUPLICATE_METHOD_MATCH = YES;
				COPY_PHASE_STRIP = NO;
				DEBUG_INFORMATION_FORMAT = dwarf;
				ENABLE_STRICT_OBJC_MSGSEND = YES;
				ENABLE_TESTABILITY = YES;
				GCC_C_LANGUAGE_STANDARD = gnu11;
				GCC_DYNAMIC_NO_PIC = NO;
				GCC_NO_COMMON_BLOCKS = YES;
				GCC_OPTIMIZATION_LEVEL = 0;
				GCC_PREPROCESSOR_DEFINITIONS = (
					"$(inherited)",
					"DEBUG=1",
				);
				GCC_WARN_64_TO_32_BIT_CONVERSION = YES;
				GCC_WARN_ABOUT_RETURN_TYPE = YES_ERROR;
				GCC_WARN_UNDECLARED_SELECTOR = YES;
				GCC_WARN_UNINITIALIZED_AUTOS = YES_AGGRESSIVE;
				GCC_WARN_UNUSED_FUNCTION = YES;
				GCC_WARN_UNUSED_VARIABLE = YES;
				MACOSX_DEPLOYMENT_TARGET = 13.0;
				MTL_ENABLE_DEBUG_INFO = INCLUDE_SOURCE;
				MTL_FAST_MATH = YES;
				ONLY_ACTIVE_ARCH = YES;
				PRODUCT_NAME = "$(TARGET_NAME)";
				SDKROOT = macosx;
				SWIFT_ACTIVE_COMPILATION_CONDITIONS = DEBUG;
				SWIFT_OPTIMIZATION_LEVEL = "-Onone";
				SWIFT_VERSION = 5.0;
			};
			name = Debug;
		};
		318B34CC56338B1FEA979030 /* Release */ = {
			isa = XCBuildConfiguration;
			buildSettings = {
				ALWAYS_SEARCH_USER_PATHS = NO;
				CLANG_ANALYZER_NONNULL = YES;
				CLANG_ANALYZER_NUMBER_OBJECT_CONVERSION = YES_AGGRESSIVE;
				CLANG_CXX_LANGUAGE_STANDARD = "gnu++14";
				CLANG_CXX_LIBRARY = "libc++";
				CLANG_ENABLE_MODULES = YES;
				CLANG_ENABLE_OBJC_ARC = YES;
				CLANG_ENABLE_OBJC_WEAK = YES;
				CLANG_WARN_BLOCK_CAPTURE_AUTORELEASING = YES;
				CLANG_WARN_BOOL_CONVERSION = YES;
				CLANG_WARN_COMMA = YES;
				CLANG_WARN_CONSTANT_CONVERSION = YES;
				CLANG_WARN_DEPRECATED_OBJC_IMPLEMENTATIONS = YES;
				CLANG_WARN_DIRECT_OBJC_ISA_USAGE = YES_ERROR;
				CLANG_WARN_DOCUMENTATION_COMMENTS = YES;
				CLANG_WARN_EMPTY_BODY = YES;
				CLANG_WARN_ENUM_CONVERSION = YES;
				CLANG_WARN_INFINITE_RECURSION = YES;
				CLANG_WARN_INT_CONVERSION = YES;
				CLANG_WARN_NON_LITERAL_NULL_CONVERSION = YES;
				CLANG_WARN_OBJC_IMPLICIT_RETAIN_SELF = YES;
				CLANG_WARN_OBJC_LITERAL_CONVERSION = YES;
				CLANG_WARN_OBJC_ROOT_CLASS = YES_ERROR;
				CLANG_WARN_QUOTED_INCLUDE_IN_FRAMEWORK_HEADER = YES;
				CLANG_WARN_RANGE_LOOP_ANALYSIS = YES;
				CLANG_WARN_STRICT_PROTOTYPES = YES;
				CLANG_WARN_SUSPICIOUS_MOVE = YES;
				CLANG_WARN_UNGUARDED_AVAILABILITY = YES_AGGRESSIVE;
				CLANG_WARN_UNREACHABLE_CODE = YES;
				CLANG_WARN__DUPLICATE_METHOD_MATCH = YES;
				COPY_PHASE_STRIP = NO;
				DEBUG_INFORMATION_FORMAT = "dwarf-with-dsym";
				ENABLE_NS_ASSERTIONS = NO;
				ENABLE_STRICT_OBJC_MSGSEND = YES;
				GCC_C_LANGUAGE_STANDARD = gnu11;
				GCC_NO_COMMON_BLOCKS = YES;
				GCC_WARN_64_TO_32_BIT_CONVERSION = YES;
				GCC_WARN_ABOUT_RETURN_TYPE = YES_ERROR;
				GCC_WARN_UNDECLARED_SELECTOR = YES;
				GCC_WARN_UNINITIALIZED_AUTOS = YES_AGGRESSIVE;
				GCC_WARN_UNUSED_FUNCTION = YES;
				GCC_WARN_UNUSED_VARIABLE = YES;
				MACOSX_DEPLOYMENT_TARGET = 13.0;
				MTL_ENABLE_DEBUG_INFO = NO;
				MTL_FAST_MATH = YES;
				PRODUCT_NAME = "$(TARGET_NAME)";
				SDKROOT = macosx;
				SWIFT_COMPILATION_MODE = wholemodule;
				SWIFT_OPTIMIZATION_LEVEL = "-O";
				SWIFT_VERSION = 5.0;
			};
			name = Release;
		};
		76DDD7807B63027FEC0CC6CC /* Debug */ = {
			isa = XCBuildConfiguration;
			buildSettings = {
				ASSETCATALOG_COMPILER_APPICON_NAME = AppIcon;
				CODE_SIGN_ENTITLEMENTS = Sources/Notch.entitlements;
				CODE_SIGN_IDENTITY = "-";
				CODE_SIGN_STYLE = Manual;
				COMBINE_HIDPI_IMAGES = YES;
				CURRENT_PROJECT_VERSION = 1;
				DEVELOPMENT_TEAM = "";
				ENABLE_HARDENED_RUNTIME = YES;
				INFOPLIST_FILE = Sources/Info.plist;
				LD_RUNPATH_SEARCH_PATHS = "@executable_path/../Frameworks";
				MACOSX_DEPLOYMENT_TARGET = 13.0;
				MARKETING_VERSION = 1.0.0;
				PRODUCT_BUNDLE_IDENTIFIER = com.notch.app;
				PRODUCT_NAME = Notch;
				SDKROOT = macosx;
				SWIFT_VERSION = 5.9;
			};
			name = Debug;
		};
		D69922CA80DBA2CB979DE6C3 /* Release */ = {
			isa = XCBuildConfiguration;
			buildSettings = {
				ASSETCATALOG_COMPILER_APPICON_NAME = AppIcon;
				CODE_SIGN_ENTITLEMENTS = Sources/Notch.entitlements;
				CODE_SIGN_IDENTITY = "-";
				CODE_SIGN_STYLE = Manual;
				COMBINE_HIDPI_IMAGES = YES;
				CURRENT_PROJECT_VERSION = 1;
				DEVELOPMENT_TEAM = "";
				ENABLE_HARDENED_RUNTIME = YES;
				INFOPLIST_FILE = Sources/Info.plist;
				LD_RUNPATH_SEARCH_PATHS = "@executable_path/../Frameworks";
				MACOSX_DEPLOYMENT_TARGET = 13.0;
				MARKETING_VERSION = 1.0.0;
				PRODUCT_BUNDLE_IDENTIFIER = com.notch.app;
				PRODUCT_NAME = Notch;
				SDKROOT = macosx;
				SWIFT_VERSION = 5.9;
			};
			name = Release;
		};
/* End XCBuildConfiguration section */

/* Begin XCConfigurationList section */
		7E4F7F67D16017178ABB5F0B /* Build configuration list for PBXProject "Notch" */ = {
			isa = XCConfigurationList;
			buildConfigurations = (
				0ACC13FE044B013EF9599CE5 /* Debug */,
				318B34CC56338B1FEA979030 /* Release */,
			);
			defaultConfigurationIsVisible = 0;
			defaultConfigurationName = Debug;
		};
		DDFED9D06C0E6E92A2AFE535 /* Build configuration list for PBXNativeTarget "Notch" */ = {
			isa = XCConfigurationList;
			buildConfigurations = (
				76DDD7807B63027FEC0CC6CC /* Debug */,
				D69922CA80DBA2CB979DE6C3 /* Release */,
			);
			defaultConfigurationIsVisible = 0;
			defaultConfigurationName = Debug;
		};
/* End XCConfigurationList section */
	};
	rootObject = 5A60F24B82E3DC3EEF388177 /* Project object */;
}
